
Microsoft Visual Studio Solution File, Format Version 12.00
# Visual Studio Version 16
VisualStudioVersion = 16.0.30907.101
MinimumVisualStudioVersion = 10.0.40219.1
Project("{888888A0-9F3D-457C-B088-3A5042F75D52}") = "girlsfrontline-resources-extract", "girlsfrontline-resources-extract.pyproj", "{5EDB7B72-260B-4FF4-875E-3E996E217245}"
EndProject
Global
	GlobalSection(SolutionConfigurationPlatforms) = preSolution
		Debug|Any CPU = Debug|Any CPU
		Release|Any CPU = Release|Any CPU
	EndGlobalSection
	GlobalSection(ProjectConfigurationPlatforms) = postSolution
		{5EDB7B72-260B-4FF4-875E-3E996E217245}.Debug|Any CPU.ActiveCfg = Debug|Any CPU
		{5EDB7B72-260B-4FF4-875E-3E996E217245}.Release|Any CPU.ActiveCfg = Release|Any CPU
	EndGlobalSection
	GlobalSection(SolutionProperties) = preSolution
		HideSolutionNode = FALSE
	EndGlobalSection
	GlobalSection(ExtensibilityGlobals) = postSolution
		SolutionGuid = {058B56BA-B11B-46A1-9B4C-2F0FC0EF0974}
	EndGlobalSection
EndGlobal
